<?xml version="1.0" encoding="utf-8"?>
<Project ToolsVersion="4.0" xmlns="http://schemas.microsoft.com/developer/msbuild/2003">
  <ItemGroup>
    <Filter Include="Source Files">
      <UniqueIdentifier>{4FC737F1-C7A5-4376-A066-2A32D752A2FF}</UniqueIdentifier>
      <Extensions>cpp;c;cc;cxx;def;odl;idl;hpj;bat;asm;asmx</Extensions>
    </Filter>
    <Filter Include="Header Files">
      <UniqueIdentifier>{93995380-89BD-4b04-88EB-625FBE52EBFB}</UniqueIdentifier>
      <Extensions>h;hh;hpp;hxx;hm;inl;inc;xsd</Extensions>
    </Filter>
    <Filter Include="Resource Files">
      <UniqueIdentifier>{67DA6AB6-F800-4c08-8B7A-83BB121AAD01}</UniqueIdentifier>
      <Extensions>rc;ico;cur;bmp;dlg;rc2;rct;bin;rgs;gif;jpg;jpeg;jpe;resx;tiff;tif;png;wav;mfcribbon-ms</Extensions>
    </Filter>
    <Filter Include="Header Files\Emulator">
      <UniqueIdentifier>{e99939fb-4dc2-4f70-8c27-9a0458f86cee}</UniqueIdentifier>
    </Filter>
    <Filter Include="Header Files\Misc">
      <UniqueIdentifier>{83f35795-a6b5-49bd-ad52-ac023d11d962}</UniqueIdentifier>
    </Filter>
    <Filter Include="Header Files\Debugger">
      <UniqueIdentifier>{26936a69-92e4-4728-9e3b-8c58eabbb6b1}</UniqueIdentifier>
    </Filter>
    <Filter Include="Source Files\Misc">
      <UniqueIdentifier>{a1b83bcb-b983-43fc-91a1-71024acf3277}</UniqueIdentifier>
    </Filter>
  </ItemGroup>
  <ItemGroup>
    <ClCompile Include="Main.cpp">
      <Filter>Source Files</Filter>
    </ClCompile>
    <ClCompile Include="sharpCPU.cpp">
      <Filter>Source Files</Filter>
    </ClCompile>
    <ClCompile Include="gpu.cpp">
      <Filter>Source Files</Filter>
    </ClCompile>
    <ClCompile Include="GameWindow.cpp">
      <Filter>Source Files</Filter>
    </ClCompile>
    <ClCompile Include="Binary.cpp">
      <Filter>Source Files\Misc</Filter>
    </ClCompile>
    <ClCompile Include="Debugger.cpp">
      <Filter>Source Files\Misc</Filter>
    </ClCompile>
    <ClCompile Include="DebuggerWindow.cpp">
      <Filter>Source Files\Misc</Filter>
    </ClCompile>
    <ClCompile Include="Audio.cpp">
      <Filter>Source Files</Filter>
    </ClCompile>
  </ItemGroup>
  <ItemGroup>
    <ClInclude Include="gpu.h">
      <Filter>Header Files\Emulator</Filter>
    </ClInclude>
    <ClInclude Include="Input.h">
      <Filter>Header Files\Emulator</Filter>
    </ClInclude>
    <ClInclude Include="Memory.h">
      <Filter>Header Files\Emulator</Filter>
    </ClInclude>
    <ClInclude Include="sharpCPU.h">
      <Filter>Header Files\Emulator</Filter>
    </ClInclude>
    <ClInclude Include="Binary.h">
      <Filter>Header Files\Misc</Filter>
    </ClInclude>
    <ClInclude Include="Main.h">
      <Filter>Header Files\Misc</Filter>
    </ClInclude>
    <ClInclude Include="Debugger.h">
      <Filter>Header Files\Debugger</Filter>
    </ClInclude>
    <ClInclude Include="DebuggerWindow.h">
      <Filter>Header Files\Debugger</Filter>
    </ClInclude>
    <ClInclude Include="resource1.h">
      <Filter>Header Files</Filter>
    </ClInclude>
    <ClInclude Include="GameWindow.h">
      <Filter>Header Files\Misc</Filter>
    </ClInclude>
    <ClInclude Include="Audio.h">
      <Filter>Header Files\Emulator</Filter>
    </ClInclude>
  </ItemGroup>
  <ItemGroup>
    <None Include="packages.config" />
  </ItemGroup>
  <ItemGroup>
    <ResourceCompile Include="GameBeak.rc">
      <Filter>Resource Files</Filter>
    </ResourceCompile>
  </ItemGroup>
  <ItemGroup>
    <Image Include="..\Beak3.ico">
      <Filter>Resource Files</Filter>
    </Image>
  </ItemGroup>
</Project>